// !$*UTF8*$!
{
	archiveVersion = 1;
	classes = {
	};
	objectVersion = 55;
	objects = {

/* Begin PBXBuildFile section */
		870E56C827C8070600CA1141 /* Localizable.strings in Resources */ = {isa = PBXBuildFile; fileRef = 870E56C727C8070600CA1141 /* Localizable.strings */; };
		870FAE73278E327B0054A318 /* Item-CoreDataHelpers.swift in Sources */ = {isa = PBXBuildFile; fileRef = 870FAE72278E327B0054A318 /* Item-CoreDataHelpers.swift */; };
		870FAE75278E33570054A318 /* Project-CoreDataHelpers.swift in Sources */ = {isa = PBXBuildFile; fileRef = 870FAE74278E33570054A318 /* Project-CoreDataHelpers.swift */; };
		870FAE77278E43F70054A318 /* EditItemView.swift in Sources */ = {isa = PBXBuildFile; fileRef = 870FAE76278E43F70054A318 /* EditItemView.swift */; };
		870FAE79278E4E420054A318 /* ItemRowView.swift in Sources */ = {isa = PBXBuildFile; fileRef = 870FAE78278E4E420054A318 /* ItemRowView.swift */; };
		87174A0E282A3FD6007316D3 /* DevelopmentTests.swift in Sources */ = {isa = PBXBuildFile; fileRef = 87174A0D282A3FD6007316D3 /* DevelopmentTests.swift */; };
		87174A10282A4146007316D3 /* ExtensionTests.swift in Sources */ = {isa = PBXBuildFile; fileRef = 87174A0F282A4146007316D3 /* ExtensionTests.swift */; };
		87174A13282A4924007316D3 /* DecodableDictionary.json in Resources */ = {isa = PBXBuildFile; fileRef = 87174A12282A4924007316D3 /* DecodableDictionary.json */; };
		87174A15282A493F007316D3 /* DecodableString.json in Resources */ = {isa = PBXBuildFile; fileRef = 87174A14282A493F007316D3 /* DecodableString.json */; };
		87174A17282A560F007316D3 /* PerformanceTests.swift in Sources */ = {isa = PBXBuildFile; fileRef = 87174A16282A560F007316D3 /* PerformanceTests.swift */; };
		87174A1F282B078D007316D3 /* BingeWatchersUITests.swift in Sources */ = {isa = PBXBuildFile; fileRef = 87174A1E282B078D007316D3 /* BingeWatchersUITests.swift */; };
		87174A21282B078D007316D3 /* BingeWatchersUITestsLaunchTests.swift in Sources */ = {isa = PBXBuildFile; fileRef = 87174A20282B078D007316D3 /* BingeWatchersUITestsLaunchTests.swift */; };
		87359D0D281C4FCC00191BE6 /* SequenceSorting.swift in Sources */ = {isa = PBXBuildFile; fileRef = 87359D0C281C4FCC00191BE6 /* SequenceSorting.swift */; };
		87359D0F281C4FD200191BE6 /* Binding-OnChange.swift in Sources */ = {isa = PBXBuildFile; fileRef = 87359D0E281C4FD200191BE6 /* Binding-OnChange.swift */; };
		87359D11281C4FD500191BE6 /* Color_Additions.swift in Sources */ = {isa = PBXBuildFile; fileRef = 87359D10281C4FD500191BE6 /* Color_Additions.swift */; };
		8753473E279C9A0500D2E12C /* SelectSomethingView.swift in Sources */ = {isa = PBXBuildFile; fileRef = 8753473D279C9A0500D2E12C /* SelectSomethingView.swift */; };
		8757C2B2278CEB47000C54B8 /* CloudKit.framework in Frameworks */ = {isa = PBXBuildFile; fileRef = 8757C2B1278CEB47000C54B8 /* CloudKit.framework */; };
		875D3CB6278CB5B6002357C9 /* BingeWatchersApp.swift in Sources */ = {isa = PBXBuildFile; fileRef = 875D3CB5278CB5B6002357C9 /* BingeWatchersApp.swift */; };
		875D3CB8278CB5B6002357C9 /* ContentView.swift in Sources */ = {isa = PBXBuildFile; fileRef = 875D3CB7278CB5B6002357C9 /* ContentView.swift */; };
		875D3CBA278CB5B7002357C9 /* Assets.xcassets in Resources */ = {isa = PBXBuildFile; fileRef = 875D3CB9278CB5B7002357C9 /* Assets.xcassets */; };
		875D3CBD278CB5B7002357C9 /* Preview Assets.xcassets in Resources */ = {isa = PBXBuildFile; fileRef = 875D3CBC278CB5B7002357C9 /* Preview Assets.xcassets */; };
		875D3CC5278CB615002357C9 /* Main.xcdatamodeld in Sources */ = {isa = PBXBuildFile; fileRef = 875D3CC3278CB615002357C9 /* Main.xcdatamodeld */; };
		875D3CC7278CBBBA002357C9 /* DataController.swift in Sources */ = {isa = PBXBuildFile; fileRef = 875D3CC6278CBBBA002357C9 /* DataController.swift */; };
		8798D08A278E1072009C8F0A /* HomeView.swift in Sources */ = {isa = PBXBuildFile; fileRef = 8798D089278E1072009C8F0A /* HomeView.swift */; };
		8798D08C278E1250009C8F0A /* ProjectsView.swift in Sources */ = {isa = PBXBuildFile; fileRef = 8798D08B278E1250009C8F0A /* ProjectsView.swift */; };
		87A5511627ADF14300899BAB /* ItemListView.swift in Sources */ = {isa = PBXBuildFile; fileRef = 87A5511527ADF14300899BAB /* ItemListView.swift */; };
		87A5511827ADF1FA00899BAB /* ProjectSummaryView.swift in Sources */ = {isa = PBXBuildFile; fileRef = 87A5511727ADF1FA00899BAB /* ProjectSummaryView.swift */; };
		87C9D5742790AC3A003B1A34 /* ProjectHeaderView.swift in Sources */ = {isa = PBXBuildFile; fileRef = 87C9D5732790AC3A003B1A34 /* ProjectHeaderView.swift */; };
		87C9D5762790B0BD003B1A34 /* Colors.xcassets in Resources */ = {isa = PBXBuildFile; fileRef = 87C9D5752790B0BD003B1A34 /* Colors.xcassets */; };
		87C9D5782790B2E9003B1A34 /* EditProjectView.swift in Sources */ = {isa = PBXBuildFile; fileRef = 87C9D5772790B2E9003B1A34 /* EditProjectView.swift */; };
		87D9C6C3279FE72B00F3B896 /* Bundle-Decodable.swift in Sources */ = {isa = PBXBuildFile; fileRef = 87D9C6C2279FE72B00F3B896 /* Bundle-Decodable.swift */; };
		87D9C6C527A07DFA00F3B896 /* Awards.json in Resources */ = {isa = PBXBuildFile; fileRef = 87D9C6C427A07DFA00F3B896 /* Awards.json */; };
		87D9C6C727A07F8F00F3B896 /* Award.swift in Sources */ = {isa = PBXBuildFile; fileRef = 87D9C6C627A07F8F00F3B896 /* Award.swift */; };
		87D9C6C927A0801E00F3B896 /* AwardsView.swift in Sources */ = {isa = PBXBuildFile; fileRef = 87D9C6C827A0801E00F3B896 /* AwardsView.swift */; };
		87E3B8CB281D0F6000853564 /* BingeWatchersTests.swift in Sources */ = {isa = PBXBuildFile; fileRef = 87E3B8CA281D0F6000853564 /* BingeWatchersTests.swift */; };
		87E3B8D2281D152300853564 /* AssetTests.swift in Sources */ = {isa = PBXBuildFile; fileRef = 87E3B8D1281D152300853564 /* AssetTests.swift */; };
		87E3B8D4281D21BB00853564 /* ProjectTests.swift in Sources */ = {isa = PBXBuildFile; fileRef = 87E3B8D3281D21BB00853564 /* ProjectTests.swift */; };
		87E3B8D6281DC5F700853564 /* AwardTests.swift in Sources */ = {isa = PBXBuildFile; fileRef = 87E3B8D5281DC5F700853564 /* AwardTests.swift */; };
/* End PBXBuildFile section */

/* Begin PBXContainerItemProxy section */
		87174A22282B078D007316D3 /* PBXContainerItemProxy */ = {
			isa = PBXContainerItemProxy;
			containerPortal = 875D3CAA278CB5B6002357C9 /* Project object */;
			proxyType = 1;
			remoteGlobalIDString = 875D3CB1278CB5B6002357C9;
			remoteInfo = BingeWatchers;
		};
		87E3B8CC281D0F6000853564 /* PBXContainerItemProxy */ = {
			isa = PBXContainerItemProxy;
			containerPortal = 875D3CAA278CB5B6002357C9 /* Project object */;
			proxyType = 1;
			remoteGlobalIDString = 875D3CB1278CB5B6002357C9;
			remoteInfo = BingeWatchers;
		};
/* End PBXContainerItemProxy section */

/* Begin PBXFileReference section */
		870E56C727C8070600CA1141 /* Localizable.strings */ = {isa = PBXFileReference; lastKnownFileType = text.plist.strings; path = Localizable.strings; sourceTree = "<group>"; };
		870FAE72278E327B0054A318 /* Item-CoreDataHelpers.swift */ = {isa = PBXFileReference; lastKnownFileType = sourcecode.swift; name = "Item-CoreDataHelpers.swift"; path = "BingeWatchers/Extensions/CoreData/Item-CoreDataHelpers.swift"; sourceTree = SOURCE_ROOT; };
		870FAE74278E33570054A318 /* Project-CoreDataHelpers.swift */ = {isa = PBXFileReference; lastKnownFileType = sourcecode.swift; path = "Project-CoreDataHelpers.swift"; sourceTree = "<group>"; };
		870FAE76278E43F70054A318 /* EditItemView.swift */ = {isa = PBXFileReference; lastKnownFileType = sourcecode.swift; name = EditItemView.swift; path = BingeWatchers/Activities/Projects/EditItemView.swift; sourceTree = SOURCE_ROOT; };
		870FAE78278E4E420054A318 /* ItemRowView.swift */ = {isa = PBXFileReference; lastKnownFileType = sourcecode.swift; name = ItemRowView.swift; path = BingeWatchers/Activities/Projects/ItemRowView.swift; sourceTree = SOURCE_ROOT; };
		87174A0D282A3FD6007316D3 /* DevelopmentTests.swift */ = {isa = PBXFileReference; lastKnownFileType = sourcecode.swift; path = DevelopmentTests.swift; sourceTree = "<group>"; };
		87174A0F282A4146007316D3 /* ExtensionTests.swift */ = {isa = PBXFileReference; lastKnownFileType = sourcecode.swift; path = ExtensionTests.swift; sourceTree = "<group>"; };
		87174A12282A4924007316D3 /* DecodableDictionary.json */ = {isa = PBXFileReference; lastKnownFileType = text.json; path = DecodableDictionary.json; sourceTree = "<group>"; };
		87174A14282A493F007316D3 /* DecodableString.json */ = {isa = PBXFileReference; lastKnownFileType = text.json; path = DecodableString.json; sourceTree = "<group>"; };
		87174A16282A560F007316D3 /* PerformanceTests.swift */ = {isa = PBXFileReference; lastKnownFileType = sourcecode.swift; path = PerformanceTests.swift; sourceTree = "<group>"; };
		87174A1C282B078D007316D3 /* BingeWatchersUITests.xctest */ = {isa = PBXFileReference; explicitFileType = wrapper.cfbundle; includeInIndex = 0; path = BingeWatchersUITests.xctest; sourceTree = BUILT_PRODUCTS_DIR; };
		87174A1E282B078D007316D3 /* BingeWatchersUITests.swift */ = {isa = PBXFileReference; lastKnownFileType = sourcecode.swift; path = BingeWatchersUITests.swift; sourceTree = "<group>"; };
		87174A20282B078D007316D3 /* BingeWatchersUITestsLaunchTests.swift */ = {isa = PBXFileReference; lastKnownFileType = sourcecode.swift; path = BingeWatchersUITestsLaunchTests.swift; sourceTree = "<group>"; };
		87359D0C281C4FCC00191BE6 /* SequenceSorting.swift */ = {isa = PBXFileReference; fileEncoding = 4; lastKnownFileType = sourcecode.swift; path = SequenceSorting.swift; sourceTree = "<group>"; };
		87359D0E281C4FD200191BE6 /* Binding-OnChange.swift */ = {isa = PBXFileReference; fileEncoding = 4; lastKnownFileType = sourcecode.swift; path = "Binding-OnChange.swift"; sourceTree = "<group>"; };
		87359D10281C4FD500191BE6 /* Color_Additions.swift */ = {isa = PBXFileReference; fileEncoding = 4; lastKnownFileType = sourcecode.swift; path = Color_Additions.swift; sourceTree = "<group>"; };
		8753473D279C9A0500D2E12C /* SelectSomethingView.swift */ = {isa = PBXFileReference; lastKnownFileType = sourcecode.swift; name = SelectSomethingView.swift; path = BingeWatchers/Activities/Projects/SelectSomethingView.swift; sourceTree = SOURCE_ROOT; };
		8757C2AF278CEB36000C54B8 /* BingeWatchers.entitlements */ = {isa = PBXFileReference; lastKnownFileType = text.plist.entitlements; path = BingeWatchers.entitlements; sourceTree = "<group>"; };
		8757C2B1278CEB47000C54B8 /* CloudKit.framework */ = {isa = PBXFileReference; lastKnownFileType = wrapper.framework; name = CloudKit.framework; path = System/Library/Frameworks/CloudKit.framework; sourceTree = SDKROOT; };
		875D3CB2278CB5B6002357C9 /* BingeWatchers.app */ = {isa = PBXFileReference; explicitFileType = wrapper.application; includeInIndex = 0; path = BingeWatchers.app; sourceTree = BUILT_PRODUCTS_DIR; };
		875D3CB5278CB5B6002357C9 /* BingeWatchersApp.swift */ = {isa = PBXFileReference; lastKnownFileType = sourcecode.swift; path = BingeWatchersApp.swift; sourceTree = "<group>"; };
		875D3CB7278CB5B6002357C9 /* ContentView.swift */ = {isa = PBXFileReference; lastKnownFileType = sourcecode.swift; path = ContentView.swift; sourceTree = "<group>"; };
		875D3CB9278CB5B7002357C9 /* Assets.xcassets */ = {isa = PBXFileReference; lastKnownFileType = folder.assetcatalog; path = Assets.xcassets; sourceTree = "<group>"; };
		875D3CBC278CB5B7002357C9 /* Preview Assets.xcassets */ = {isa = PBXFileReference; lastKnownFileType = folder.assetcatalog; path = "Preview Assets.xcassets"; sourceTree = "<group>"; };
		875D3CC4278CB615002357C9 /* Main.xcdatamodel */ = {isa = PBXFileReference; lastKnownFileType = wrapper.xcdatamodel; path = Main.xcdatamodel; sourceTree = "<group>"; };
		875D3CC6278CBBBA002357C9 /* DataController.swift */ = {isa = PBXFileReference; lastKnownFileType = sourcecode.swift; name = DataController.swift; path = BingeWatchers/DataController.swift; sourceTree = SOURCE_ROOT; };
		875D3CC8278CDFA9002357C9 /* Info.plist */ = {isa = PBXFileReference; lastKnownFileType = text.plist.xml; path = Info.plist; sourceTree = "<group>"; };
		8798D089278E1072009C8F0A /* HomeView.swift */ = {isa = PBXFileReference; lastKnownFileType = sourcecode.swift; name = HomeView.swift; path = BingeWatchers/Activities/Home/HomeView.swift; sourceTree = SOURCE_ROOT; };
		8798D08B278E1250009C8F0A /* ProjectsView.swift */ = {isa = PBXFileReference; lastKnownFileType = sourcecode.swift; path = ProjectsView.swift; sourceTree = "<group>"; };
		87A5511527ADF14300899BAB /* ItemListView.swift */ = {isa = PBXFileReference; lastKnownFileType = sourcecode.swift; name = ItemListView.swift; path = BingeWatchers/Activities/Home/ItemListView.swift; sourceTree = SOURCE_ROOT; };
		87A5511727ADF1FA00899BAB /* ProjectSummaryView.swift */ = {isa = PBXFileReference; lastKnownFileType = sourcecode.swift; name = ProjectSummaryView.swift; path = BingeWatchers/Activities/Home/ProjectSummaryView.swift; sourceTree = SOURCE_ROOT; };
		87C9D5732790AC3A003B1A34 /* ProjectHeaderView.swift */ = {isa = PBXFileReference; lastKnownFileType = sourcecode.swift; path = ProjectHeaderView.swift; sourceTree = "<group>"; };
		87C9D5752790B0BD003B1A34 /* Colors.xcassets */ = {isa = PBXFileReference; lastKnownFileType = folder.assetcatalog; path = Colors.xcassets; sourceTree = SOURCE_ROOT; };
		87C9D5772790B2E9003B1A34 /* EditProjectView.swift */ = {isa = PBXFileReference; lastKnownFileType = sourcecode.swift; name = EditProjectView.swift; path = BingeWatchers/Activities/Projects/EditProjectView.swift; sourceTree = SOURCE_ROOT; };
		87D9C6C2279FE72B00F3B896 /* Bundle-Decodable.swift */ = {isa = PBXFileReference; lastKnownFileType = sourcecode.swift; path = "Bundle-Decodable.swift"; sourceTree = "<group>"; };
		87D9C6C427A07DFA00F3B896 /* Awards.json */ = {isa = PBXFileReference; fileEncoding = 4; lastKnownFileType = text.json; path = Awards.json; sourceTree = "<group>"; };
		87D9C6C627A07F8F00F3B896 /* Award.swift */ = {isa = PBXFileReference; lastKnownFileType = sourcecode.swift; path = Award.swift; sourceTree = "<group>"; };
		87D9C6C827A0801E00F3B896 /* AwardsView.swift */ = {isa = PBXFileReference; lastKnownFileType = sourcecode.swift; path = AwardsView.swift; sourceTree = "<group>"; };
		87E3B8C8281D0F6000853564 /* BingeWatchersTests.xctest */ = {isa = PBXFileReference; explicitFileType = wrapper.cfbundle; includeInIndex = 0; path = BingeWatchersTests.xctest; sourceTree = BUILT_PRODUCTS_DIR; };
		87E3B8CA281D0F6000853564 /* BingeWatchersTests.swift */ = {isa = PBXFileReference; lastKnownFileType = sourcecode.swift; path = BingeWatchersTests.swift; sourceTree = "<group>"; };
		87E3B8D1281D152300853564 /* AssetTests.swift */ = {isa = PBXFileReference; lastKnownFileType = sourcecode.swift; path = AssetTests.swift; sourceTree = "<group>"; };
		87E3B8D3281D21BB00853564 /* ProjectTests.swift */ = {isa = PBXFileReference; lastKnownFileType = sourcecode.swift; path = ProjectTests.swift; sourceTree = "<group>"; };
		87E3B8D5281DC5F700853564 /* AwardTests.swift */ = {isa = PBXFileReference; lastKnownFileType = sourcecode.swift; path = AwardTests.swift; sourceTree = "<group>"; };
/* End PBXFileReference section */

/* Begin PBXFrameworksBuildPhase section */
		87174A19282B078D007316D3 /* Frameworks */ = {
			isa = PBXFrameworksBuildPhase;
			buildActionMask = 2147483647;
			files = (
			);
			runOnlyForDeploymentPostprocessing = 0;
		};
		875D3CAF278CB5B6002357C9 /* Frameworks */ = {
			isa = PBXFrameworksBuildPhase;
			buildActionMask = 2147483647;
			files = (
				8757C2B2278CEB47000C54B8 /* CloudKit.framework in Frameworks */,
			);
			runOnlyForDeploymentPostprocessing = 0;
		};
		87E3B8C5281D0F6000853564 /* Frameworks */ = {
			isa = PBXFrameworksBuildPhase;
			buildActionMask = 2147483647;
			files = (
			);
			runOnlyForDeploymentPostprocessing = 0;
		};
/* End PBXFrameworksBuildPhase section */

/* Begin PBXGroup section */
		87174A11282A48E6007316D3 /* Fixtures */ = {
			isa = PBXGroup;
			children = (
				87174A12282A4924007316D3 /* DecodableDictionary.json */,
				87174A14282A493F007316D3 /* DecodableString.json */,
			);
			path = Fixtures;
			sourceTree = "<group>";
		};
		87174A1D282B078D007316D3 /* BingeWatchersUITests */ = {
			isa = PBXGroup;
			children = (
				87174A1E282B078D007316D3 /* BingeWatchersUITests.swift */,
				87174A20282B078D007316D3 /* BingeWatchersUITestsLaunchTests.swift */,
			);
			path = BingeWatchersUITests;
			sourceTree = "<group>";
		};
		87359D12281C4FED00191BE6 /* Localization */ = {
			isa = PBXGroup;
			children = (
				870E56C727C8070600CA1141 /* Localizable.strings */,
			);
			path = Localization;
			sourceTree = "<group>";
		};
		87359D13281C514700191BE6 /* Configuration */ = {
			isa = PBXGroup;
			children = (
				875D3CC8278CDFA9002357C9 /* Info.plist */,
				875D3CC3278CB615002357C9 /* Main.xcdatamodeld */,
				875D3CB5278CB5B6002357C9 /* BingeWatchersApp.swift */,
			);
			path = Configuration;
			sourceTree = "<group>";
		};
		87359D14281C53F700191BE6 /* Activities */ = {
			isa = PBXGroup;
			children = (
				875D3CB7278CB5B6002357C9 /* ContentView.swift */,
				87359D17281C540B00191BE6 /* Awards */,
				87359D16281C540500191BE6 /* Projects */,
				87359D15281C53FE00191BE6 /* Home */,
			);
			path = Activities;
			sourceTree = "<group>";
		};
		87359D15281C53FE00191BE6 /* Home */ = {
			isa = PBXGroup;
			children = (
				8798D089278E1072009C8F0A /* HomeView.swift */,
				87A5511527ADF14300899BAB /* ItemListView.swift */,
				87A5511727ADF1FA00899BAB /* ProjectSummaryView.swift */,
			);
			path = Home;
			sourceTree = "<group>";
		};
		87359D16281C540500191BE6 /* Projects */ = {
			isa = PBXGroup;
			children = (
				87C9D5772790B2E9003B1A34 /* EditProjectView.swift */,
				870FAE76278E43F70054A318 /* EditItemView.swift */,
				870FAE78278E4E420054A318 /* ItemRowView.swift */,
				87C9D5732790AC3A003B1A34 /* ProjectHeaderView.swift */,
				8798D08B278E1250009C8F0A /* ProjectsView.swift */,
				8753473D279C9A0500D2E12C /* SelectSomethingView.swift */,
			);
			path = Projects;
			sourceTree = "<group>";
		};
		87359D17281C540B00191BE6 /* Awards */ = {
			isa = PBXGroup;
			children = (
				87D9C6C427A07DFA00F3B896 /* Awards.json */,
				87D9C6C627A07F8F00F3B896 /* Award.swift */,
				87D9C6C827A0801E00F3B896 /* AwardsView.swift */,
			);
			path = Awards;
			sourceTree = "<group>";
		};
		87359D18281C54D000191BE6 /* CoreData */ = {
			isa = PBXGroup;
			children = (
				870FAE72278E327B0054A318 /* Item-CoreDataHelpers.swift */,
			);
			path = CoreData;
			sourceTree = "<group>";
		};
		8757C2B0278CEB47000C54B8 /* Frameworks */ = {
			isa = PBXGroup;
			children = (
				8757C2B1278CEB47000C54B8 /* CloudKit.framework */,
			);
			name = Frameworks;
			sourceTree = "<group>";
		};
		875D3CA9278CB5B6002357C9 = {
			isa = PBXGroup;
			children = (
				875D3CB4278CB5B6002357C9 /* BingeWatchers */,
				87E3B8C9281D0F6000853564 /* BingeWatchersTests */,
				87174A1D282B078D007316D3 /* BingeWatchersUITests */,
				875D3CB3278CB5B6002357C9 /* Products */,
				8757C2B0278CEB47000C54B8 /* Frameworks */,
			);
			sourceTree = "<group>";
		};
		875D3CB3278CB5B6002357C9 /* Products */ = {
			isa = PBXGroup;
			children = (
				875D3CB2278CB5B6002357C9 /* BingeWatchers.app */,
				87E3B8C8281D0F6000853564 /* BingeWatchersTests.xctest */,
				87174A1C282B078D007316D3 /* BingeWatchersUITests.xctest */,
			);
			name = Products;
			sourceTree = "<group>";
		};
		875D3CB4278CB5B6002357C9 /* BingeWatchers */ = {
			isa = PBXGroup;
			children = (
				875D3CC6278CBBBA002357C9 /* DataController.swift */,
				87359D14281C53F700191BE6 /* Activities */,
				87359D13281C514700191BE6 /* Configuration */,
				87359D12281C4FED00191BE6 /* Localization */,
				87B13C3427A63A24006363BD /* Extensions */,
				87C9D5752790B0BD003B1A34 /* Colors.xcassets */,
				8757C2AF278CEB36000C54B8 /* BingeWatchers.entitlements */,
				875D3CB9278CB5B7002357C9 /* Assets.xcassets */,
				875D3CBB278CB5B7002357C9 /* Preview Content */,
			);
			path = BingeWatchers;
			sourceTree = "<group>";
		};
		875D3CBB278CB5B7002357C9 /* Preview Content */ = {
			isa = PBXGroup;
			children = (
				875D3CBC278CB5B7002357C9 /* Preview Assets.xcassets */,
			);
			path = "Preview Content";
			sourceTree = "<group>";
		};
		87B13C3427A63A24006363BD /* Extensions */ = {
			isa = PBXGroup;
			children = (
				870FAE74278E33570054A318 /* Project-CoreDataHelpers.swift */,
				87359D18281C54D000191BE6 /* CoreData */,
				87359D10281C4FD500191BE6 /* Color_Additions.swift */,
				87359D0E281C4FD200191BE6 /* Binding-OnChange.swift */,
				87359D0C281C4FCC00191BE6 /* SequenceSorting.swift */,
				87D9C6C2279FE72B00F3B896 /* Bundle-Decodable.swift */,
			);
			path = Extensions;
			sourceTree = "<group>";
		};
		87E3B8C9281D0F6000853564 /* BingeWatchersTests */ = {
			isa = PBXGroup;
			children = (
				87174A11282A48E6007316D3 /* Fixtures */,
				87E3B8CA281D0F6000853564 /* BingeWatchersTests.swift */,
				87E3B8D1281D152300853564 /* AssetTests.swift */,
				87E3B8D3281D21BB00853564 /* ProjectTests.swift */,
				87E3B8D5281DC5F700853564 /* AwardTests.swift */,
				87174A0D282A3FD6007316D3 /* DevelopmentTests.swift */,
				87174A0F282A4146007316D3 /* ExtensionTests.swift */,
				87174A16282A560F007316D3 /* PerformanceTests.swift */,
			);
			path = BingeWatchersTests;
			sourceTree = "<group>";
		};
/* End PBXGroup section */

/* Begin PBXNativeTarget section */
		87174A1B282B078D007316D3 /* BingeWatchersUITests */ = {
			isa = PBXNativeTarget;
			buildConfigurationList = 87174A24282B078D007316D3 /* Build configuration list for PBXNativeTarget "BingeWatchersUITests" */;
			buildPhases = (
				87174A18282B078D007316D3 /* Sources */,
				87174A19282B078D007316D3 /* Frameworks */,
				87174A1A282B078D007316D3 /* Resources */,
			);
			buildRules = (
			);
			dependencies = (
				87174A23282B078D007316D3 /* PBXTargetDependency */,
			);
			name = BingeWatchersUITests;
			productName = BingeWatchersUITests;
			productReference = 87174A1C282B078D007316D3 /* BingeWatchersUITests.xctest */;
			productType = "com.apple.product-type.bundle.ui-testing";
		};
		875D3CB1278CB5B6002357C9 /* BingeWatchers */ = {
			isa = PBXNativeTarget;
			buildConfigurationList = 875D3CC0278CB5B7002357C9 /* Build configuration list for PBXNativeTarget "BingeWatchers" */;
			buildPhases = (
				870E56C927C8205400CA1141 /* SwiftLint */,
				875D3CAE278CB5B6002357C9 /* Sources */,
				875D3CAF278CB5B6002357C9 /* Frameworks */,
				875D3CB0278CB5B6002357C9 /* Resources */,
			);
			buildRules = (
			);
			dependencies = (
			);
			name = BingeWatchers;
			productName = BingeWatchers;
			productReference = 875D3CB2278CB5B6002357C9 /* BingeWatchers.app */;
			productType = "com.apple.product-type.application";
		};
		87E3B8C7281D0F6000853564 /* BingeWatchersTests */ = {
			isa = PBXNativeTarget;
			buildConfigurationList = 87E3B8D0281D0F6000853564 /* Build configuration list for PBXNativeTarget "BingeWatchersTests" */;
			buildPhases = (
				87E3B8C4281D0F6000853564 /* Sources */,
				87E3B8C5281D0F6000853564 /* Frameworks */,
				87E3B8C6281D0F6000853564 /* Resources */,
			);
			buildRules = (
			);
			dependencies = (
				87E3B8CD281D0F6000853564 /* PBXTargetDependency */,
			);
			name = BingeWatchersTests;
			productName = BingeWatchersTests;
			productReference = 87E3B8C8281D0F6000853564 /* BingeWatchersTests.xctest */;
			productType = "com.apple.product-type.bundle.unit-test";
		};
/* End PBXNativeTarget section */

/* Begin PBXProject section */
		875D3CAA278CB5B6002357C9 /* Project object */ = {
			isa = PBXProject;
			attributes = {
				BuildIndependentTargetsInParallel = 1;
				LastSwiftUpdateCheck = 1330;
				LastUpgradeCheck = 1320;
				TargetAttributes = {
					87174A1B282B078D007316D3 = {
						CreatedOnToolsVersion = 13.3.1;
						TestTargetID = 875D3CB1278CB5B6002357C9;
					};
					875D3CB1278CB5B6002357C9 = {
						CreatedOnToolsVersion = 13.2.1;
					};
					87E3B8C7281D0F6000853564 = {
						CreatedOnToolsVersion = 13.2.1;
						TestTargetID = 875D3CB1278CB5B6002357C9;
					};
				};
			};
			buildConfigurationList = 875D3CAD278CB5B6002357C9 /* Build configuration list for PBXProject "BingeWatchers" */;
			compatibilityVersion = "Xcode 13.0";
			developmentRegion = en;
			hasScannedForEncodings = 0;
			knownRegions = (
				en,
				Base,
			);
			mainGroup = 875D3CA9278CB5B6002357C9;
			productRefGroup = 875D3CB3278CB5B6002357C9 /* Products */;
			projectDirPath = "";
			projectRoot = "";
			targets = (
				875D3CB1278CB5B6002357C9 /* BingeWatchers */,
				87E3B8C7281D0F6000853564 /* BingeWatchersTests */,
				87174A1B282B078D007316D3 /* BingeWatchersUITests */,
			);
		};
/* End PBXProject section */

/* Begin PBXResourcesBuildPhase section */
		87174A1A282B078D007316D3 /* Resources */ = {
			isa = PBXResourcesBuildPhase;
			buildActionMask = 2147483647;
			files = (
			);
			runOnlyForDeploymentPostprocessing = 0;
		};
		875D3CB0278CB5B6002357C9 /* Resources */ = {
			isa = PBXResourcesBuildPhase;
			buildActionMask = 2147483647;
			files = (
				870E56C827C8070600CA1141 /* Localizable.strings in Resources */,
				87C9D5762790B0BD003B1A34 /* Colors.xcassets in Resources */,
				87D9C6C527A07DFA00F3B896 /* Awards.json in Resources */,
				875D3CBD278CB5B7002357C9 /* Preview Assets.xcassets in Resources */,
				875D3CBA278CB5B7002357C9 /* Assets.xcassets in Resources */,
			);
			runOnlyForDeploymentPostprocessing = 0;
		};
		87E3B8C6281D0F6000853564 /* Resources */ = {
			isa = PBXResourcesBuildPhase;
			buildActionMask = 2147483647;
			files = (
				87174A15282A493F007316D3 /* DecodableString.json in Resources */,
				87174A13282A4924007316D3 /* DecodableDictionary.json in Resources */,
			);
			runOnlyForDeploymentPostprocessing = 0;
		};
/* End PBXResourcesBuildPhase section */

/* Begin PBXShellScriptBuildPhase section */
		870E56C927C8205400CA1141 /* SwiftLint */ = {
			isa = PBXShellScriptBuildPhase;
			buildActionMask = 2147483647;
			files = (
			);
			inputFileListPaths = (
			);
			inputPaths = (
			);
			name = SwiftLint;
			outputFileListPaths = (
			);
			outputPaths = (
			);
			runOnlyForDeploymentPostprocessing = 0;
			shellPath = /bin/sh;
			shellScript = "alias swiftlint=\"/opt/homebrew/bin/swiftlint\"\n\n\n";
		};
/* End PBXShellScriptBuildPhase section */

/* Begin PBXSourcesBuildPhase section */
		87174A18282B078D007316D3 /* Sources */ = {
			isa = PBXSourcesBuildPhase;
			buildActionMask = 2147483647;
			files = (
				87174A1F282B078D007316D3 /* BingeWatchersUITests.swift in Sources */,
				87174A21282B078D007316D3 /* BingeWatchersUITestsLaunchTests.swift in Sources */,
			);
			runOnlyForDeploymentPostprocessing = 0;
		};
		875D3CAE278CB5B6002357C9 /* Sources */ = {
			isa = PBXSourcesBuildPhase;
			buildActionMask = 2147483647;
			files = (
				8798D08C278E1250009C8F0A /* ProjectsView.swift in Sources */,
				87A5511827ADF1FA00899BAB /* ProjectSummaryView.swift in Sources */,
				87C9D5742790AC3A003B1A34 /* ProjectHeaderView.swift in Sources */,
				87D9C6C927A0801E00F3B896 /* AwardsView.swift in Sources */,
				875D3CC5278CB615002357C9 /* Main.xcdatamodeld in Sources */,
				87359D11281C4FD500191BE6 /* Color_Additions.swift in Sources */,
				870FAE75278E33570054A318 /* Project-CoreDataHelpers.swift in Sources */,
				87C9D5782790B2E9003B1A34 /* EditProjectView.swift in Sources */,
				875D3CC7278CBBBA002357C9 /* DataController.swift in Sources */,
				8753473E279C9A0500D2E12C /* SelectSomethingView.swift in Sources */,
				87D9C6C727A07F8F00F3B896 /* Award.swift in Sources */,
				870FAE79278E4E420054A318 /* ItemRowView.swift in Sources */,
				875D3CB8278CB5B6002357C9 /* ContentView.swift in Sources */,
				87D9C6C3279FE72B00F3B896 /* Bundle-Decodable.swift in Sources */,
				87A5511627ADF14300899BAB /* ItemListView.swift in Sources */,
				87359D0D281C4FCC00191BE6 /* SequenceSorting.swift in Sources */,
				8798D08A278E1072009C8F0A /* HomeView.swift in Sources */,
				875D3CB6278CB5B6002357C9 /* BingeWatchersApp.swift in Sources */,
				870FAE73278E327B0054A318 /* Item-CoreDataHelpers.swift in Sources */,
				87359D0F281C4FD200191BE6 /* Binding-OnChange.swift in Sources */,
				870FAE77278E43F70054A318 /* EditItemView.swift in Sources */,
			);
			runOnlyForDeploymentPostprocessing = 0;
		};
		87E3B8C4281D0F6000853564 /* Sources */ = {
			isa = PBXSourcesBuildPhase;
			buildActionMask = 2147483647;
			files = (
				87174A17282A560F007316D3 /* PerformanceTests.swift in Sources */,
				87E3B8D2281D152300853564 /* AssetTests.swift in Sources */,
				87E3B8D6281DC5F700853564 /* AwardTests.swift in Sources */,
				87E3B8CB281D0F6000853564 /* BingeWatchersTests.swift in Sources */,
				87174A10282A4146007316D3 /* ExtensionTests.swift in Sources */,
				87E3B8D4281D21BB00853564 /* ProjectTests.swift in Sources */,
				87174A0E282A3FD6007316D3 /* DevelopmentTests.swift in Sources */,
			);
			runOnlyForDeploymentPostprocessing = 0;
		};
/* End PBXSourcesBuildPhase section */

/* Begin PBXTargetDependency section */
		87174A23282B078D007316D3 /* PBXTargetDependency */ = {
			isa = PBXTargetDependency;
			target = 875D3CB1278CB5B6002357C9 /* BingeWatchers */;
			targetProxy = 87174A22282B078D007316D3 /* PBXContainerItemProxy */;
		};
		87E3B8CD281D0F6000853564 /* PBXTargetDependency */ = {
			isa = PBXTargetDependency;
			target = 875D3CB1278CB5B6002357C9 /* BingeWatchers */;
			targetProxy = 87E3B8CC281D0F6000853564 /* PBXContainerItemProxy */;
		};
/* End PBXTargetDependency section */

/* Begin XCBuildConfiguration section */
		87174A25282B078D007316D3 /* Debug */ = {
			isa = XCBuildConfiguration;
			buildSettings = {
				CODE_SIGN_STYLE = Automatic;
				CURRENT_PROJECT_VERSION = 1;
				DEVELOPMENT_TEAM = 2EDDZGZ55S;
				GENERATE_INFOPLIST_FILE = YES;
				IPHONEOS_DEPLOYMENT_TARGET = 15.4;
				MARKETING_VERSION = 1.0;
				PRODUCT_BUNDLE_IDENTIFIER = jandaur.anmol.BingeWatchersUITests;
				PRODUCT_NAME = "$(TARGET_NAME)";
				SWIFT_EMIT_LOC_STRINGS = NO;
				SWIFT_VERSION = 5.0;
				TARGETED_DEVICE_FAMILY = "1,2";
				TEST_TARGET_NAME = BingeWatchers;
			};
			name = Debug;
		};
		87174A26282B078D007316D3 /* Release */ = {
			isa = XCBuildConfiguration;
			buildSettings = {
				CODE_SIGN_STYLE = Automatic;
				CURRENT_PROJECT_VERSION = 1;
				DEVELOPMENT_TEAM = 2EDDZGZ55S;
				GENERATE_INFOPLIST_FILE = YES;
				IPHONEOS_DEPLOYMENT_TARGET = 15.4;
				MARKETING_VERSION = 1.0;
				PRODUCT_BUNDLE_IDENTIFIER = jandaur.anmol.BingeWatchersUITests;
				PRODUCT_NAME = "$(TARGET_NAME)";
				SWIFT_EMIT_LOC_STRINGS = NO;
				SWIFT_VERSION = 5.0;
				TARGETED_DEVICE_FAMILY = "1,2";
				TEST_TARGET_NAME = BingeWatchers;
			};
			name = Release;
		};
		875D3CBE278CB5B7002357C9 /* Debug */ = {
			isa = XCBuildConfiguration;
			buildSettings = {
				ALWAYS_SEARCH_USER_PATHS = NO;
				CLANG_ANALYZER_NONNULL = YES;
				CLANG_ANALYZER_NUMBER_OBJECT_CONVERSION = YES_AGGRESSIVE;
				CLANG_CXX_LANGUAGE_STANDARD = "gnu++17";
				CLANG_CXX_LIBRARY = "libc++";
				CLANG_ENABLE_MODULES = YES;
				CLANG_ENABLE_OBJC_ARC = YES;
				CLANG_ENABLE_OBJC_WEAK = YES;
				CLANG_WARN_BLOCK_CAPTURE_AUTORELEASING = YES;
				CLANG_WARN_BOOL_CONVERSION = YES;
				CLANG_WARN_COMMA = YES;
				CLANG_WARN_CONSTANT_CONVERSION = YES;
				CLANG_WARN_DEPRECATED_OBJC_IMPLEMENTATIONS = YES;
				CLANG_WARN_DIRECT_OBJC_ISA_USAGE = YES_ERROR;
				CLANG_WARN_DOCUMENTATION_COMMENTS = YES;
				CLANG_WARN_EMPTY_BODY = YES;
				CLANG_WARN_ENUM_CONVERSION = YES;
				CLANG_WARN_INFINITE_RECURSION = YES;
				CLANG_WARN_INT_CONVERSION = YES;
				CLANG_WARN_NON_LITERAL_NULL_CONVERSION = YES;
				CLANG_WARN_OBJC_IMPLICIT_RETAIN_SELF = YES;
				CLANG_WARN_OBJC_LITERAL_CONVERSION = YES;
				CLANG_WARN_OBJC_ROOT_CLASS = YES_ERROR;
				CLANG_WARN_QUOTED_INCLUDE_IN_FRAMEWORK_HEADER = YES;
				CLANG_WARN_RANGE_LOOP_ANALYSIS = YES;
				CLANG_WARN_STRICT_PROTOTYPES = YES;
				CLANG_WARN_SUSPICIOUS_MOVE = YES;
				CLANG_WARN_UNGUARDED_AVAILABILITY = YES_AGGRESSIVE;
				CLANG_WARN_UNREACHABLE_CODE = YES;
				CLANG_WARN__DUPLICATE_METHOD_MATCH = YES;
				COPY_PHASE_STRIP = NO;
				DEBUG_INFORMATION_FORMAT = dwarf;
				ENABLE_STRICT_OBJC_MSGSEND = YES;
				ENABLE_TESTABILITY = YES;
				GCC_C_LANGUAGE_STANDARD = gnu11;
				GCC_DYNAMIC_NO_PIC = NO;
				GCC_NO_COMMON_BLOCKS = YES;
				GCC_OPTIMIZATION_LEVEL = 0;
				GCC_PREPROCESSOR_DEFINITIONS = (
					"DEBUG=1",
					"$(inherited)",
				);
				GCC_WARN_64_TO_32_BIT_CONVERSION = YES;
				GCC_WARN_ABOUT_RETURN_TYPE = YES_ERROR;
				GCC_WARN_UNDECLARED_SELECTOR = YES;
				GCC_WARN_UNINITIALIZED_AUTOS = YES_AGGRESSIVE;
				GCC_WARN_UNUSED_FUNCTION = YES;
				GCC_WARN_UNUSED_VARIABLE = YES;
				IPHONEOS_DEPLOYMENT_TARGET = 15.2;
				MTL_ENABLE_DEBUG_INFO = INCLUDE_SOURCE;
				MTL_FAST_MATH = YES;
				ONLY_ACTIVE_ARCH = YES;
				SDKROOT = iphoneos;
				SWIFT_ACTIVE_COMPILATION_CONDITIONS = DEBUG;
				SWIFT_OPTIMIZATION_LEVEL = "-Onone";
			};
			name = Debug;
		};
		875D3CBF278CB5B7002357C9 /* Release */ = {
			isa = XCBuildConfiguration;
			buildSettings = {
				ALWAYS_SEARCH_USER_PATHS = NO;
				CLANG_ANALYZER_NONNULL = YES;
				CLANG_ANALYZER_NUMBER_OBJECT_CONVERSION = YES_AGGRESSIVE;
				CLANG_CXX_LANGUAGE_STANDARD = "gnu++17";
				CLANG_CXX_LIBRARY = "libc++";
				CLANG_ENABLE_MODULES = YES;
				CLANG_ENABLE_OBJC_ARC = YES;
				CLANG_ENABLE_OBJC_WEAK = YES;
				CLANG_WARN_BLOCK_CAPTURE_AUTORELEASING = YES;
				CLANG_WARN_BOOL_CONVERSION = YES;
				CLANG_WARN_COMMA = YES;
				CLANG_WARN_CONSTANT_CONVERSION = YES;
				CLANG_WARN_DEPRECATED_OBJC_IMPLEMENTATIONS = YES;
				CLANG_WARN_DIRECT_OBJC_ISA_USAGE = YES_ERROR;
				CLANG_WARN_DOCUMENTATION_COMMENTS = YES;
				CLANG_WARN_EMPTY_BODY = YES;
				CLANG_WARN_ENUM_CONVERSION = YES;
				CLANG_WARN_INFINITE_RECURSION = YES;
				CLANG_WARN_INT_CONVERSION = YES;
				CLANG_WARN_NON_LITERAL_NULL_CONVERSION = YES;
				CLANG_WARN_OBJC_IMPLICIT_RETAIN_SELF = YES;
				CLANG_WARN_OBJC_LITERAL_CONVERSION = YES;
				CLANG_WARN_OBJC_ROOT_CLASS = YES_ERROR;
				CLANG_WARN_QUOTED_INCLUDE_IN_FRAMEWORK_HEADER = YES;
				CLANG_WARN_RANGE_LOOP_ANALYSIS = YES;
				CLANG_WARN_STRICT_PROTOTYPES = YES;
				CLANG_WARN_SUSPICIOUS_MOVE = YES;
				CLANG_WARN_UNGUARDED_AVAILABILITY = YES_AGGRESSIVE;
				CLANG_WARN_UNREACHABLE_CODE = YES;
				CLANG_WARN__DUPLICATE_METHOD_MATCH = YES;
				COPY_PHASE_STRIP = NO;
				DEBUG_INFORMATION_FORMAT = "dwarf-with-dsym";
				ENABLE_NS_ASSERTIONS = NO;
				ENABLE_STRICT_OBJC_MSGSEND = YES;
				GCC_C_LANGUAGE_STANDARD = gnu11;
				GCC_NO_COMMON_BLOCKS = YES;
				GCC_WARN_64_TO_32_BIT_CONVERSION = YES;
				GCC_WARN_ABOUT_RETURN_TYPE = YES_ERROR;
				GCC_WARN_UNDECLARED_SELECTOR = YES;
				GCC_WARN_UNINITIALIZED_AUTOS = YES_AGGRESSIVE;
				GCC_WARN_UNUSED_FUNCTION = YES;
				GCC_WARN_UNUSED_VARIABLE = YES;
				IPHONEOS_DEPLOYMENT_TARGET = 15.2;
				MTL_ENABLE_DEBUG_INFO = NO;
				MTL_FAST_MATH = YES;
				SDKROOT = iphoneos;
				SWIFT_COMPILATION_MODE = wholemodule;
				SWIFT_OPTIMIZATION_LEVEL = "-O";
				VALIDATE_PRODUCT = YES;
			};
			name = Release;
		};
		875D3CC1278CB5B7002357C9 /* Debug */ = {
			isa = XCBuildConfiguration;
			buildSettings = {
				ASSETCATALOG_COMPILER_APPICON_NAME = AppIcon;
				ASSETCATALOG_COMPILER_GLOBAL_ACCENT_COLOR_NAME = AccentColor;
				CODE_SIGN_STYLE = Automatic;
				CURRENT_PROJECT_VERSION = 1;
				DEVELOPMENT_ASSET_PATHS = "\"BingeWatchers/Preview Content\"";
				DEVELOPMENT_TEAM = 2EDDZGZ55S;
				ENABLE_PREVIEWS = YES;
				GENERATE_INFOPLIST_FILE = YES;
				INFOPLIST_FILE = BingeWatchers/Configuration/Info.plist;
				INFOPLIST_KEY_UIApplicationSceneManifest_Generation = YES;
				INFOPLIST_KEY_UIApplicationSupportsIndirectInputEvents = YES;
				INFOPLIST_KEY_UILaunchScreen_Generation = YES;
				INFOPLIST_KEY_UISupportedInterfaceOrientations_iPad = "UIInterfaceOrientationPortrait UIInterfaceOrientationPortraitUpsideDown UIInterfaceOrientationLandscapeLeft UIInterfaceOrientationLandscapeRight";
				INFOPLIST_KEY_UISupportedInterfaceOrientations_iPhone = "UIInterfaceOrientationPortrait UIInterfaceOrientationLandscapeLeft UIInterfaceOrientationLandscapeRight";
				LD_RUNPATH_SEARCH_PATHS = (
					"$(inherited)",
					"@executable_path/Frameworks",
				);
				MARKETING_VERSION = 1.0;
				PRODUCT_BUNDLE_IDENTIFIER = jandaur.anmol.BingeWatchers;
				PRODUCT_NAME = "$(TARGET_NAME)";
				SWIFT_EMIT_LOC_STRINGS = YES;
				SWIFT_VERSION = 5.0;
				TARGETED_DEVICE_FAMILY = "1,2";
			};
			name = Debug;
		};
		875D3CC2278CB5B7002357C9 /* Release */ = {
			isa = XCBuildConfiguration;
			buildSettings = {
				ASSETCATALOG_COMPILER_APPICON_NAME = AppIcon;
				ASSETCATALOG_COMPILER_GLOBAL_ACCENT_COLOR_NAME = AccentColor;
				CODE_SIGN_STYLE = Automatic;
				CURRENT_PROJECT_VERSION = 1;
				DEVELOPMENT_ASSET_PATHS = "\"BingeWatchers/Preview Content\"";
				DEVELOPMENT_TEAM = 2EDDZGZ55S;
				ENABLE_PREVIEWS = YES;
				GENERATE_INFOPLIST_FILE = YES;
				INFOPLIST_FILE = BingeWatchers/Configuration/Info.plist;
				INFOPLIST_KEY_UIApplicationSceneManifest_Generation = YES;
				INFOPLIST_KEY_UIApplicationSupportsIndirectInputEvents = YES;
				INFOPLIST_KEY_UILaunchScreen_Generation = YES;
				INFOPLIST_KEY_UISupportedInterfaceOrientations_iPad = "UIInterfaceOrientationPortrait UIInterfaceOrientationPortraitUpsideDown UIInterfaceOrientationLandscapeLeft UIInterfaceOrientationLandscapeRight";
				INFOPLIST_KEY_UISupportedInterfaceOrientations_iPhone = "UIInterfaceOrientationPortrait UIInterfaceOrientationLandscapeLeft UIInterfaceOrientationLandscapeRight";
				LD_RUNPATH_SEARCH_PATHS = (
					"$(inherited)",
					"@executable_path/Frameworks",
				);
				MARKETING_VERSION = 1.0;
				PRODUCT_BUNDLE_IDENTIFIER = jandaur.anmol.BingeWatchers;
				PRODUCT_NAME = "$(TARGET_NAME)";
				SWIFT_EMIT_LOC_STRINGS = YES;
				SWIFT_VERSION = 5.0;
				TARGETED_DEVICE_FAMILY = "1,2";
			};
			name = Release;
		};
		87E3B8CE281D0F6000853564 /* Debug */ = {
			isa = XCBuildConfiguration;
			buildSettings = {
				BUNDLE_LOADER = "$(TEST_HOST)";
				CODE_SIGN_STYLE = Automatic;
				CURRENT_PROJECT_VERSION = 1;
				DEVELOPMENT_TEAM = 2EDDZGZ55S;
				GENERATE_INFOPLIST_FILE = YES;
				MARKETING_VERSION = 1.0;
				PRODUCT_BUNDLE_IDENTIFIER = jandaur.anmol.BingeWatchersTests;
				PRODUCT_NAME = "$(TARGET_NAME)";
				SWIFT_EMIT_LOC_STRINGS = NO;
				SWIFT_VERSION = 5.0;
				TARGETED_DEVICE_FAMILY = "1,2";
				TEST_HOST = "$(BUILT_PRODUCTS_DIR)/BingeWatchers.app/BingeWatchers";
			};
			name = Debug;
		};
		87E3B8CF281D0F6000853564 /* Release */ = {
			isa = XCBuildConfiguration;
			buildSettings = {
				BUNDLE_LOADER = "$(TEST_HOST)";
				CODE_SIGN_STYLE = Automatic;
				CURRENT_PROJECT_VERSION = 1;
				DEVELOPMENT_TEAM = 2EDDZGZ55S;
				GENERATE_INFOPLIST_FILE = YES;
				MARKETING_VERSION = 1.0;
				PRODUCT_BUNDLE_IDENTIFIER = jandaur.anmol.BingeWatchersTests;
				PRODUCT_NAME = "$(TARGET_NAME)";
				SWIFT_EMIT_LOC_STRINGS = NO;
				SWIFT_VERSION = 5.0;
				TARGETED_DEVICE_FAMILY = "1,2";
				TEST_HOST = "$(BUILT_PRODUCTS_DIR)/BingeWatchers.app/BingeWatchers";
			};
			name = Release;
		};
/* End XCBuildConfiguration section */

/* Begin XCConfigurationList section */
		87174A24282B078D007316D3 /* Build configuration list for PBXNativeTarget "BingeWatchersUITests" */ = {
			isa = XCConfigurationList;
			buildConfigurations = (
				87174A25282B078D007316D3 /* Debug */,
				87174A26282B078D007316D3 /* Release */,
			);
			defaultConfigurationIsVisible = 0;
			defaultConfigurationName = Release;
		};
		875D3CAD278CB5B6002357C9 /* Build configuration list for PBXProject "BingeWatchers" */ = {
			isa = XCConfigurationList;
			buildConfigurations = (
				875D3CBE278CB5B7002357C9 /* Debug */,
				875D3CBF278CB5B7002357C9 /* Release */,
			);
			defaultConfigurationIsVisible = 0;
			defaultConfigurationName = Release;
		};
		875D3CC0278CB5B7002357C9 /* Build configuration list for PBXNativeTarget "BingeWatchers" */ = {
			isa = XCConfigurationList;
			buildConfigurations = (
				875D3CC1278CB5B7002357C9 /* Debug */,
				875D3CC2278CB5B7002357C9 /* Release */,
			);
			defaultConfigurationIsVisible = 0;
			defaultConfigurationName = Release;
		};
		87E3B8D0281D0F6000853564 /* Build configuration list for PBXNativeTarget "BingeWatchersTests" */ = {
			isa = XCConfigurationList;
			buildConfigurations = (
				87E3B8CE281D0F6000853564 /* Debug */,
				87E3B8CF281D0F6000853564 /* Release */,
			);
			defaultConfigurationIsVisible = 0;
			defaultConfigurationName = Release;
		};
/* End XCConfigurationList section */

/* Begin XCVersionGroup section */
		875D3CC3278CB615002357C9 /* Main.xcdatamodeld */ = {
			isa = XCVersionGroup;
			children = (
				875D3CC4278CB615002357C9 /* Main.xcdatamodel */,
			);
			currentVersion = 875D3CC4278CB615002357C9 /* Main.xcdatamodel */;
			path = Main.xcdatamodeld;
			sourceTree = "<group>";
			versionGroupType = wrapper.xcdatamodel;
		};
/* End XCVersionGroup section */
	};
	rootObject = 875D3CAA278CB5B6002357C9 /* Project object */;
}
